
Microsoft Visual Studio Solution File, Format Version 12.00
# Visual Studio Version 17
VisualStudioVersion = 17.0.31903.59
MinimumVisualStudioVersion = 10.0.40219.1
Project("{2150E333-8FDC-42A3-9474-1A3956D46DE8}") = "src", "src", "{827E0CD3-B72D-47B6-A68D-7590B98EB39B}"
EndProject
Project("{FAE04EC0-301F-11D3-BF4B-00C04F79EFBC}") = "SmartX.Core", "src\SmartX.Core\SmartX.Core.csproj", "{BA974B3F-79F6-4E13-9695-ECFBE7AE3BB6}"
EndProject
Project("{FAE04EC0-301F-11D3-BF4B-00C04F79EFBC}") = "SmartX.Api", "src\SmartX.Api\SmartX.Api.csproj", "{17ED7216-00AB-4F1E-9C3F-197075DDC816}"
EndProject
Project("{FAE04EC0-301F-11D3-BF4B-00C04F79EFBC}") = "SmartX.Desktop.Client", "src\SmartX.Desktop.Client\SmartX.Desktop.Client.csproj", "{E959F6C1-2624-4745-A9DA-F7C68654B806}"
EndProject
Project("{FAE04EC0-301F-11D3-BF4B-00C04F79EFBC}") = "SmartX.Wpf", "src\SmartX.Wpf\SmartX.Wpf.csproj", "{FAB3B8E5-0677-44EA-851A-4DBE0744B54A}"
EndProject
Global
	GlobalSection(SolutionConfigurationPlatforms) = preSolution
		Debug|Any CPU = Debug|Any CPU
		Debug|x64 = Debug|x64
		Debug|x86 = Debug|x86
		Release|Any CPU = Release|Any CPU
		Release|x64 = Release|x64
		Release|x86 = Release|x86
	EndGlobalSection
	GlobalSection(ProjectConfigurationPlatforms) = postSolution
		{BA974B3F-79F6-4E13-9695-ECFBE7AE3BB6}.Debug|Any CPU.ActiveCfg = Debug|Any CPU
		{BA974B3F-79F6-4E13-9695-ECFBE7AE3BB6}.Debug|Any CPU.Build.0 = Debug|Any CPU
		{BA974B3F-79F6-4E13-9695-ECFBE7AE3BB6}.Debug|x64.ActiveCfg = Debug|Any CPU
		{BA974B3F-79F6-4E13-9695-ECFBE7AE3BB6}.Debug|x64.Build.0 = Debug|Any CPU
		{BA974B3F-79F6-4E13-9695-ECFBE7AE3BB6}.Debug|x86.ActiveCfg = Debug|Any CPU
		{BA974B3F-79F6-4E13-9695-ECFBE7AE3BB6}.Debug|x86.Build.0 = Debug|Any CPU
		{BA974B3F-79F6-4E13-9695-ECFBE7AE3BB6}.Release|Any CPU.ActiveCfg = Release|Any CPU
		{BA974B3F-79F6-4E13-9695-ECFBE7AE3BB6}.Release|Any CPU.Build.0 = Release|Any CPU
		{BA974B3F-79F6-4E13-9695-ECFBE7AE3BB6}.Release|x64.ActiveCfg = Release|Any CPU
		{BA974B3F-79F6-4E13-9695-ECFBE7AE3BB6}.Release|x64.Build.0 = Release|Any CPU
		{BA974B3F-79F6-4E13-9695-ECFBE7AE3BB6}.Release|x86.ActiveCfg = Release|Any CPU
		{BA974B3F-79F6-4E13-9695-ECFBE7AE3BB6}.Release|x86.Build.0 = Release|Any CPU
		{17ED7216-00AB-4F1E-9C3F-197075DDC816}.Debug|Any CPU.ActiveCfg = Debug|Any CPU
		{17ED7216-00AB-4F1E-9C3F-197075DDC816}.Debug|Any CPU.Build.0 = Debug|Any CPU
		{17ED7216-00AB-4F1E-9C3F-197075DDC816}.Debug|x64.ActiveCfg = Debug|Any CPU
		{17ED7216-00AB-4F1E-9C3F-197075DDC816}.Debug|x64.Build.0 = Debug|Any CPU
		{17ED7216-00AB-4F1E-9C3F-197075DDC816}.Debug|x86.ActiveCfg = Debug|Any CPU
		{17ED7216-00AB-4F1E-9C3F-197075DDC816}.Debug|x86.Build.0 = Debug|Any CPU
		{17ED7216-00AB-4F1E-9C3F-197075DDC816}.Release|Any CPU.ActiveCfg = Release|Any CPU
		{17ED7216-00AB-4F1E-9C3F-197075DDC816}.Release|Any CPU.Build.0 = Release|Any CPU
		{17ED7216-00AB-4F1E-9C3F-197075DDC816}.Release|x64.ActiveCfg = Release|Any CPU
		{17ED7216-00AB-4F1E-9C3F-197075DDC816}.Release|x64.Build.0 = Release|Any CPU
		{17ED7216-00AB-4F1E-9C3F-197075DDC816}.Release|x86.ActiveCfg = Release|Any CPU
		{17ED7216-00AB-4F1E-9C3F-197075DDC816}.Release|x86.Build.0 = Release|Any CPU
		{E959F6C1-2624-4745-A9DA-F7C68654B806}.Debug|Any CPU.ActiveCfg = Debug|Any CPU
		{E959F6C1-2624-4745-A9DA-F7C68654B806}.Debug|Any CPU.Build.0 = Debug|Any CPU
		{E959F6C1-2624-4745-A9DA-F7C68654B806}.Debug|x64.ActiveCfg = Debug|Any CPU
		{E959F6C1-2624-4745-A9DA-F7C68654B806}.Debug|x64.Build.0 = Debug|Any CPU
		{E959F6C1-2624-4745-A9DA-F7C68654B806}.Debug|x86.ActiveCfg = Debug|Any CPU
		{E959F6C1-2624-4745-A9DA-F7C68654B806}.Debug|x86.Build.0 = Debug|Any CPU
		{E959F6C1-2624-4745-A9DA-F7C68654B806}.Release|Any CPU.ActiveCfg = Release|Any CPU
		{E959F6C1-2624-4745-A9DA-F7C68654B806}.Release|Any CPU.Build.0 = Release|Any CPU
		{E959F6C1-2624-4745-A9DA-F7C68654B806}.Release|x64.ActiveCfg = Release|Any CPU
		{E959F6C1-2624-4745-A9DA-F7C68654B806}.Release|x64.Build.0 = Release|Any CPU
		{E959F6C1-2624-4745-A9DA-F7C68654B806}.Release|x86.ActiveCfg = Release|Any CPU
		{E959F6C1-2624-4745-A9DA-F7C68654B806}.Release|x86.Build.0 = Release|Any CPU
		{FAB3B8E5-0677-44EA-851A-4DBE0744B54A}.Debug|Any CPU.ActiveCfg = Debug|Any CPU
		{FAB3B8E5-0677-44EA-851A-4DBE0744B54A}.Debug|Any CPU.Build.0 = Debug|Any CPU
		{FAB3B8E5-0677-44EA-851A-4DBE0744B54A}.Debug|x64.ActiveCfg = Debug|Any CPU
		{FAB3B8E5-0677-44EA-851A-4DBE0744B54A}.Debug|x64.Build.0 = Debug|Any CPU
		{FAB3B8E5-0677-44EA-851A-4DBE0744B54A}.Debug|x86.ActiveCfg = Debug|Any CPU
		{FAB3B8E5-0677-44EA-851A-4DBE0744B54A}.Debug|x86.Build.0 = Debug|Any CPU
		{FAB3B8E5-0677-44EA-851A-4DBE0744B54A}.Release|Any CPU.ActiveCfg = Release|Any CPU
		{FAB3B8E5-0677-44EA-851A-4DBE0744B54A}.Release|Any CPU.Build.0 = Release|Any CPU
		{FAB3B8E5-0677-44EA-851A-4DBE0744B54A}.Release|x64.ActiveCfg = Release|Any CPU
		{FAB3B8E5-0677-44EA-851A-4DBE0744B54A}.Release|x64.Build.0 = Release|Any CPU
		{FAB3B8E5-0677-44EA-851A-4DBE0744B54A}.Release|x86.ActiveCfg = Release|Any CPU
		{FAB3B8E5-0677-44EA-851A-4DBE0744B54A}.Release|x86.Build.0 = Release|Any CPU
	EndGlobalSection
	GlobalSection(SolutionProperties) = preSolution
		HideSolutionNode = FALSE
	EndGlobalSection
	GlobalSection(NestedProjects) = preSolution
		{BA974B3F-79F6-4E13-9695-ECFBE7AE3BB6} = {827E0CD3-B72D-47B6-A68D-7590B98EB39B}
		{17ED7216-00AB-4F1E-9C3F-197075DDC816} = {827E0CD3-B72D-47B6-A68D-7590B98EB39B}
		{E959F6C1-2624-4745-A9DA-F7C68654B806} = {827E0CD3-B72D-47B6-A68D-7590B98EB39B}
		{FAB3B8E5-0677-44EA-851A-4DBE0744B54A} = {827E0CD3-B72D-47B6-A68D-7590B98EB39B}
	EndGlobalSection
EndGlobal
